
Microsoft Visual Studio Solution File, Format Version 12.00
# Visual Studio Version 17
VisualStudioVersion = 17.12.35506.116 d17.12
MinimumVisualStudioVersion = 10.0.40219.1
Project("{FAE04EC0-301F-11D3-BF4B-00C04F79EFBC}") = "xadrex-console", "xadrex-console.csproj", "{53F7B250-2C24-4582-B110-13CF703B8152}"
EndProject
Global
	GlobalSection(SolutionConfigurationPlatforms) = preSolution
		Debug|Any CPU = Debug|Any CPU
		Release|Any CPU = Release|Any CPU
	EndGlobalSection
	GlobalSection(ProjectConfigurationPlatforms) = postSolution
		{53F7B250-2C24-4582-B110-13CF703B8152}.Debug|Any CPU.ActiveCfg = Debug|Any CPU
		{53F7B250-2C24-4582-B110-13CF703B8152}.Debug|Any CPU.Build.0 = Debug|Any CPU
		{53F7B250-2C24-4582-B110-13CF703B8152}.Release|Any CPU.ActiveCfg = Release|Any CPU
		{53F7B250-2C24-4582-B110-13CF703B8152}.Release|Any CPU.Build.0 = Release|Any CPU
	EndGlobalSection
	GlobalSection(SolutionProperties) = preSolution
		HideSolutionNode = FALSE
	EndGlobalSection
EndGlobal
